
Microsoft Visual Studio Solution File, Format Version 12.00
# Visual Studio Version 17
VisualStudioVersion = 17.2.32526.322
MinimumVisualStudioVersion = 10.0.40219.1
Project("{FAE04EC0-301F-11D3-BF4B-00C04F79EFBC}") = "Projetinho", "Projetinho\Projetinho.csproj", "{9439CB66-5654-4597-8F4B-5BEAD03180FB}"
EndProject
Global
	GlobalSection(SolutionConfigurationPlatforms) = preSolution
		Debug|Any CPU = Debug|Any CPU
		Release|Any CPU = Release|Any CPU
	EndGlobalSection
	GlobalSection(ProjectConfigurationPlatforms) = postSolution
		{9439CB66-5654-4597-8F4B-5BEAD03180FB}.Debug|Any CPU.ActiveCfg = Debug|Any CPU
		{9439CB66-5654-4597-8F4B-5BEAD03180FB}.Debug|Any CPU.Build.0 = Debug|Any CPU
		{9439CB66-5654-4597-8F4B-5BEAD03180FB}.Release|Any CPU.ActiveCfg = Release|Any CPU
		{9439CB66-5654-4597-8F4B-5BEAD03180FB}.Release|Any CPU.Build.0 = Release|Any CPU
	EndGlobalSection
	GlobalSection(SolutionProperties) = preSolution
		HideSolutionNode = FALSE
	EndGlobalSection
	GlobalSection(ExtensibilityGlobals) = postSolution
		SolutionGuid = {FFB4BAAC-F66E-4655-B345-15FE70C72740}
	EndGlobalSection
EndGlobal
